
Microsoft Visual Studio Solution File, Format Version 12.00
# Visual Studio Version 17
VisualStudioVersion = 17.11.35327.3
MinimumVisualStudioVersion = 10.0.40219.1
Project("{FAE04EC0-301F-11D3-BF4B-00C04F79EFBC}") = "OtusEvents", "OtusEvents\OtusEvents.csproj", "{F2C303B7-D132-4AAC-BD73-E4D1A60F7AD3}"
EndProject
Global
	GlobalSection(SolutionConfigurationPlatforms) = preSolution
		Debug|Any CPU = Debug|Any CPU
		Release|Any CPU = Release|Any CPU
	EndGlobalSection
	GlobalSection(ProjectConfigurationPlatforms) = postSolution
		{F2C303B7-D132-4AAC-BD73-E4D1A60F7AD3}.Debug|Any CPU.ActiveCfg = Debug|Any CPU
		{F2C303B7-D132-4AAC-BD73-E4D1A60F7AD3}.Debug|Any CPU.Build.0 = Debug|Any CPU
		{F2C303B7-D132-4AAC-BD73-E4D1A60F7AD3}.Release|Any CPU.ActiveCfg = Release|Any CPU
		{F2C303B7-D132-4AAC-BD73-E4D1A60F7AD3}.Release|Any CPU.Build.0 = Release|Any CPU
	EndGlobalSection
	GlobalSection(SolutionProperties) = preSolution
		HideSolutionNode = FALSE
	EndGlobalSection
	GlobalSection(ExtensibilityGlobals) = postSolution
		SolutionGuid = {C252BEDD-8555-405D-B1CF-4BA39D74C46D}
	EndGlobalSection
EndGlobal
